
Microsoft Visual Studio Solution File, Format Version 12.00
# Visual Studio 14
VisualStudioVersion = 14.0.25420.1
MinimumVisualStudioVersion = 10.0.40219.1
Project("{FAE04EC0-301F-11D3-BF4B-00C04F79EFBC}") = "Mexify", "Mexify\Mexify.csproj", "{92E90910-B36B-4A2F-8BE6-9BC2CE5D6D30}"
EndProject
Global
	GlobalSection(SolutionConfigurationPlatforms) = preSolution
		Debug|Any CPU = Debug|Any CPU
		Release|Any CPU = Release|Any CPU
	EndGlobalSection
	GlobalSection(ProjectConfigurationPlatforms) = postSolution
		{92E90910-B36B-4A2F-8BE6-9BC2CE5D6D30}.Debug|Any CPU.ActiveCfg = Debug|Any CPU
		{92E90910-B36B-4A2F-8BE6-9BC2CE5D6D30}.Debug|Any CPU.Build.0 = Debug|Any CPU
		{92E90910-B36B-4A2F-8BE6-9BC2CE5D6D30}.Release|Any CPU.ActiveCfg = Release|Any CPU
		{92E90910-B36B-4A2F-8BE6-9BC2CE5D6D30}.Release|Any CPU.Build.0 = Release|Any CPU
	EndGlobalSection
	GlobalSection(SolutionProperties) = preSolution
		HideSolutionNode = FALSE
	EndGlobalSection
EndGlobal
